# THIS IS AN AUTOGENERATED FILE. DO NOT EDIT THIS FILE DIRECTLY.
# yarn lockfile v1


"@babel/parser@^7.16.4":
  version "7.20.7"
  resolved "https://registry.yarnpkg.com/@babel/parser/-/parser-7.20.7.tgz#66fe23b3c8569220817d5feb8b9dcdc95bb4f71b"
  integrity sha512-T3Z9oHybU+0vZlY9CiDSJQTD5ZapcW18ZctFMi0MOAl/4BjFF4ul7NVSARLdbGO5vDqy9eQiGTV0LtKfvCYvcg==

"@esbuild/android-arm64@0.16.10":
  version "0.16.10"
  resolved "https://registry.yarnpkg.com/@esbuild/android-arm64/-/android-arm64-0.16.10.tgz#d784d8f13dbef50492ea55456fb50651e4036fbf"
  integrity sha512-47Y+NwVKTldTlDhSgJHZ/RpvBQMUDG7eKihqaF/u6g7s0ZPz4J1vy8A3rwnnUOF2CuDn7w7Gj/QcMoWz3U3SJw==

"@esbuild/android-arm@0.16.10":
  version "0.16.10"
  resolved "https://registry.yarnpkg.com/@esbuild/android-arm/-/android-arm-0.16.10.tgz#becf6b5647c091b039121db8c17300a7dfd1ab4a"
  integrity sha512-RmJjQTRrO6VwUWDrzTBLmV4OJZTarYsiepLGlF2rYTVB701hSorPywPGvP6d8HCuuRibyXa5JX4s3jN2kHEtjQ==

"@esbuild/android-x64@0.16.10":
  version "0.16.10"
  resolved "https://registry.yarnpkg.com/@esbuild/android-x64/-/android-x64-0.16.10.tgz#648cacbb13a5047380a038e5d6d895015e31b525"
  integrity sha512-C4PfnrBMcuAcOurQzpF1tTtZz94IXO5JmICJJ3NFJRHbXXsQUg9RFG45KvydKqtFfBaFLCHpduUkUfXwIvGnRg==

"@esbuild/darwin-arm64@0.16.10":
  version "0.16.10"
  resolved "https://registry.yarnpkg.com/@esbuild/darwin-arm64/-/darwin-arm64-0.16.10.tgz#3ca7fd9a456d11752df77df6c030f2d08f27bda9"
  integrity sha512-bH/bpFwldyOKdi9HSLCLhhKeVgRYr9KblchwXgY2NeUHBB/BzTUHtUSBgGBmpydB1/4E37m+ggXXfSrnD7/E7g==

"@esbuild/darwin-x64@0.16.10":
  version "0.16.10"
  resolved "https://registry.yarnpkg.com/@esbuild/darwin-x64/-/darwin-x64-0.16.10.tgz#7eb71b8da4106627f01553def517d3c5e5942592"
  integrity sha512-OXt7ijoLuy+AjDSKQWu+KdDFMBbdeaL6wtgMKtDUXKWHiAMKHan5+R1QAG6HD4+K0nnOvEJXKHeA9QhXNAjOTQ==

"@esbuild/freebsd-arm64@0.16.10":
  version "0.16.10"
  resolved "https://registry.yarnpkg.com/@esbuild/freebsd-arm64/-/freebsd-arm64-0.16.10.tgz#c69c78ee1d17d35ad2cf76a1bb67788000a84b43"
  integrity sha512-shSQX/3GHuspE3Uxtq5kcFG/zqC+VuMnJkqV7LczO41cIe6CQaXHD3QdMLA4ziRq/m0vZo7JdterlgbmgNIAlQ==

"@esbuild/freebsd-x64@0.16.10":
  version "0.16.10"
  resolved "https://registry.yarnpkg.com/@esbuild/freebsd-x64/-/freebsd-x64-0.16.10.tgz#a9804ab1b9366f915812af24ad5cfc1c0db01441"
  integrity sha512-5YVc1zdeaJGASijZmTzSO4h6uKzsQGG3pkjI6fuXvolhm3hVRhZwnHJkforaZLmzvNv5Tb7a3QL2FAVmrgySIA==

"@esbuild/linux-arm64@0.16.10":
  version "0.16.10"
  resolved "https://registry.yarnpkg.com/@esbuild/linux-arm64/-/linux-arm64-0.16.10.tgz#d9a9ddfcb28ed8cced688bc112ef66283d6fa77f"
  integrity sha512-2aqeNVxIaRfPcIaMZIFoblLh588sWyCbmj1HHCCs9WmeNWm+EIN0SmvsmPvTa/TsNZFKnxTcvkX2eszTcCqIrA==

"@esbuild/linux-arm@0.16.10":
  version "0.16.10"
  resolved "https://registry.yarnpkg.com/@esbuild/linux-arm/-/linux-arm-0.16.10.tgz#f32cdac1d3319c83ae7f9f31238dd1284ee6bba2"
  integrity sha512-c360287ZWI2miBnvIj23bPyVctgzeMT2kQKR+x94pVqIN44h3GF8VMEs1SFPH1UgyDr3yBbx3vowDS1SVhyVhA==

"@esbuild/linux-ia32@0.16.10":
  version "0.16.10"
  resolved "https://registry.yarnpkg.com/@esbuild/linux-ia32/-/linux-ia32-0.16.10.tgz#1e023478e42f3a01cad48f4af50120d4b639af03"
  integrity sha512-sqMIEWeyrLGU7J5RB5fTkLRIFwsgsQ7ieWXlDLEmC2HblPYGb3AucD7inw2OrKFpRPKsec1l+lssiM3+NV5aOw==

"@esbuild/linux-loong64@0.16.10":
  version "0.16.10"
  resolved "https://registry.yarnpkg.com/@esbuild/linux-loong64/-/linux-loong64-0.16.10.tgz#f9098865a69d1d6e2f8bda51c7f9d4240f20b771"
  integrity sha512-O7Pd5hLEtTg37NC73pfhUOGTjx/+aXu5YoSq3ahCxcN7Bcr2F47mv+kG5t840thnsEzrv0oB70+LJu3gUgchvg==

"@esbuild/linux-mips64el@0.16.10":
  version "0.16.10"
  resolved "https://registry.yarnpkg.com/@esbuild/linux-mips64el/-/linux-mips64el-0.16.10.tgz#574725ad2ea81b7783b7ba7d1ab3475f8fdd8d32"
  integrity sha512-FN8mZOH7531iPHM0kaFhAOqqNHoAb6r/YHW2ZIxNi0a85UBi2DO4Vuyn7t1p4UN8a4LoAnLOT1PqNgHkgBJgbA==

"@esbuild/linux-ppc64@0.16.10":
  version "0.16.10"
  resolved "https://registry.yarnpkg.com/@esbuild/linux-ppc64/-/linux-ppc64-0.16.10.tgz#11da658c54514a693813af56bb28951d563a90c3"
  integrity sha512-Dg9RiqdvHOAWnOKIOTsIx8dFX9EDlY2IbPEY7YFzchrCiTZmMkD7jWA9UdZbNUygPjdmQBVPRCrLydReFlX9yg==

"@esbuild/linux-riscv64@0.16.10":
  version "0.16.10"
  resolved "https://registry.yarnpkg.com/@esbuild/linux-riscv64/-/linux-riscv64-0.16.10.tgz#3af4600adbd6c5a4a6f1da05771f4aa6774baab2"
  integrity sha512-XMqtpjwzbmlar0BJIxmzu/RZ7EWlfVfH68Vadrva0Wj5UKOdKvqskuev2jY2oPV3aoQUyXwnMbMrFmloO2GfAw==

"@esbuild/linux-s390x@0.16.10":
  version "0.16.10"
  resolved "https://registry.yarnpkg.com/@esbuild/linux-s390x/-/linux-s390x-0.16.10.tgz#9e3377aaf0191a9d6628e806a279085ec4391f3e"
  integrity sha512-fu7XtnoeRNFMx8DjK3gPWpFBDM2u5ba+FYwg27SjMJwKvJr4bDyKz5c+FLXLUSSAkMAt/UL+cUbEbra+rYtUgw==

"@esbuild/linux-x64@0.16.10":
  version "0.16.10"
  resolved "https://registry.yarnpkg.com/@esbuild/linux-x64/-/linux-x64-0.16.10.tgz#7c41d4d697ce674e0083e7baa6231468f4650d85"
  integrity sha512-61lcjVC/RldNNMUzQQdyCWjCxp9YLEQgIxErxU9XluX7juBdGKb0pvddS0vPNuCvotRbzijZ1pzII+26haWzbA==

"@esbuild/netbsd-x64@0.16.10":
  version "0.16.10"
  resolved "https://registry.yarnpkg.com/@esbuild/netbsd-x64/-/netbsd-x64-0.16.10.tgz#ebac59e3986834af04bbafcee7b0c1f31cd477c6"
  integrity sha512-JeZXCX3viSA9j4HqSoygjssdqYdfHd6yCFWyfSekLbz4Ef+D2EjvsN02ZQPwYl5a5gg/ehdHgegHhlfOFP0HCA==

"@esbuild/openbsd-x64@0.16.10":
  version "0.16.10"
  resolved "https://registry.yarnpkg.com/@esbuild/openbsd-x64/-/openbsd-x64-0.16.10.tgz#9eaa6cac3b80db45090c0946e62de5b5689c61d1"
  integrity sha512-3qpxQKuEVIIg8SebpXsp82OBrqjPV/OwNWmG+TnZDr3VGyChNnGMHccC1xkbxCHDQNnnXjxhMQNyHmdFJbmbRA==

"@esbuild/sunos-x64@0.16.10":
  version "0.16.10"
  resolved "https://registry.yarnpkg.com/@esbuild/sunos-x64/-/sunos-x64-0.16.10.tgz#31e5e4b814ef43d300e26511e486a4716a390d5f"
  integrity sha512-z+q0xZ+et/7etz7WoMyXTHZ1rB8PMSNp/FOqURLJLOPb3GWJ2aj4oCqFCjPwEbW1rsT7JPpxeH/DwGAWk/I1Bg==

"@esbuild/win32-arm64@0.16.10":
  version "0.16.10"
  resolved "https://registry.yarnpkg.com/@esbuild/win32-arm64/-/win32-arm64-0.16.10.tgz#ca58472dc03ca79e6d03f8a31113979ff253d94f"
  integrity sha512-+YYu5sbQ9npkNT9Dec+tn1F/kjg6SMgr6bfi/6FpXYZvCRfu2YFPZGb+3x8K30s8eRxFpoG4sGhiSUkr1xbHEw==

"@esbuild/win32-ia32@0.16.10":
  version "0.16.10"
  resolved "https://registry.yarnpkg.com/@esbuild/win32-ia32/-/win32-ia32-0.16.10.tgz#c572df2c65ab118feed0a5da5a4a193846d74e43"
  integrity sha512-Aw7Fupk7XNehR1ftHGYwUteyJ2q+em/aE+fVU3YMTBN2V5A7Z4aVCSV+SvCp9HIIHZavPFBpbdP3VfjQpdf6Xg==

"@esbuild/win32-x64@0.16.10":
  version "0.16.10"
  resolved "https://registry.yarnpkg.com/@esbuild/win32-x64/-/win32-x64-0.16.10.tgz#0e9c6a5e69c10d96aff2386b7ee9646138c2a831"
  integrity sha512-qddWullt3sC1EIpfHvCRBq3H4g3L86DZpD6n8k2XFjFVyp01D++uNbN1hT/JRsHxTbyyemZcpwL5aRlJwc/zFw==

"@types/body-parser@*":
  version "1.19.2"
  resolved "https://registry.yarnpkg.com/@types/body-parser/-/body-parser-1.19.2.tgz#aea2059e28b7658639081347ac4fab3de166e6f0"
  integrity sha512-ALYone6pm6QmwZoAgeyNksccT9Q4AWZQ6PvfwR37GT6r6FWUPguq6sUmNGSMV2Wr761oQoBxwGGa6DR5o1DC9g==
  dependencies:
    "@types/connect" "*"
    "@types/node" "*"

"@types/connect@*":
  version "3.4.35"
  resolved "https://registry.yarnpkg.com/@types/connect/-/connect-3.4.35.tgz#5fcf6ae445e4021d1fc2219a4873cc73a3bb2ad1"
  integrity sha512-cdeYyv4KWoEgpBISTxWvqYsVy444DOqehiF3fM3ne10AmJ62RSyNkUnxMJXHQWRQQX2eR94m5y1IZyDwBjV9FQ==
  dependencies:
    "@types/node" "*"

"@types/express-serve-static-core@^4.17.31":
  version "4.17.31"
  resolved "https://registry.yarnpkg.com/@types/express-serve-static-core/-/express-serve-static-core-4.17.31.tgz#a1139efeab4e7323834bb0226e62ac019f474b2f"
  integrity sha512-DxMhY+NAsTwMMFHBTtJFNp5qiHKJ7TeqOo23zVEM9alT1Ml27Q3xcTH0xwxn7Q0BbMcVEJOs/7aQtUWupUQN3Q==
  dependencies:
    "@types/node" "*"
    "@types/qs" "*"
    "@types/range-parser" "*"

"@types/express@^4.17.14":
  version "4.17.15"
  resolved "https://registry.yarnpkg.com/@types/express/-/express-4.17.15.tgz#9290e983ec8b054b65a5abccb610411953d417ff"
  integrity sha512-Yv0k4bXGOH+8a+7bELd2PqHQsuiANB+A8a4gnQrkRWzrkKlb6KHaVvyXhqs04sVW/OWlbPyYxRgYlIXLfrufMQ==
  dependencies:
    "@types/body-parser" "*"
    "@types/express-serve-static-core" "^4.17.31"
    "@types/qs" "*"
    "@types/serve-static" "*"

"@types/jsonwebtoken@^8.5.9":
  version "8.5.9"
  resolved "https://registry.yarnpkg.com/@types/jsonwebtoken/-/jsonwebtoken-8.5.9.tgz#2c064ecb0b3128d837d2764aa0b117b0ff6e4586"
  integrity sha512-272FMnFGzAVMGtu9tkr29hRL6bZj4Zs1KZNeHLnKqAvp06tAIcarTMwOh8/8bz4FmKRcMxZhZNeUAQsNLoiPhg==
  dependencies:
    "@types/node" "*"

"@types/mime@*":
  version "3.0.1"
  resolved "https://registry.yarnpkg.com/@types/mime/-/mime-3.0.1.tgz#5f8f2bca0a5863cb69bc0b0acd88c96cb1d4ae10"
  integrity sha512-Y4XFY5VJAuw0FgAqPNd6NNoV44jbq9Bz2L7Rh/J6jLTiHBSBJa9fxqQIvkIld4GsoDOcCbvzOUAbLPsSKKg+uA==

"@types/node@*":
  version "18.11.17"
  resolved "https://registry.yarnpkg.com/@types/node/-/node-18.11.17.tgz#5c009e1d9c38f4a2a9d45c0b0c493fe6cdb4bcb5"
  integrity sha512-HJSUJmni4BeDHhfzn6nF0sVmd1SMezP7/4F0Lq+aXzmp2xm9O7WXrUtHW/CHlYVtZUbByEvWidHqRtcJXGF2Ng==

"@types/qs@*":
  version "6.9.7"
  resolved "https://registry.yarnpkg.com/@types/qs/-/qs-6.9.7.tgz#63bb7d067db107cc1e457c303bc25d511febf6cb"
  integrity sha512-FGa1F62FT09qcrueBA6qYTrJPVDzah9a+493+o2PCXsesWHIn27G98TsSMs3WPNbZIEj4+VJf6saSFpvD+3Zsw==

"@types/range-parser@*":
  version "1.2.4"
  resolved "https://registry.yarnpkg.com/@types/range-parser/-/range-parser-1.2.4.tgz#cd667bcfdd025213aafb7ca5915a932590acdcdc"
  integrity sha512-EEhsLsD6UsDM1yFhAvy0Cjr6VwmpMWqFBCb9w07wVugF7w9nfajxLuVmngTIpgS6svCnm6Vaw+MZhoDCKnOfsw==

"@types/serve-static@*":
  version "1.15.0"
  resolved "https://registry.yarnpkg.com/@types/serve-static/-/serve-static-1.15.0.tgz#c7930ff61afb334e121a9da780aac0d9b8f34155"
  integrity sha512-z5xyF6uh8CbjAu9760KDKsH2FcDxZ2tFCsA4HIMWE6IkiYMXfVoa+4f9KX+FN0ZLsaMw1WNG2ETLA6N+/YA+cg==
  dependencies:
    "@types/mime" "*"
    "@types/node" "*"

"@vitejs/plugin-vue@^4.0.0":
  version "4.0.0"
  resolved "https://registry.yarnpkg.com/@vitejs/plugin-vue/-/plugin-vue-4.0.0.tgz#93815beffd23db46288c787352a8ea31a0c03e5e"
  integrity sha512-e0X4jErIxAB5oLtDqbHvHpJe/uWNkdpYV83AOG2xo2tEVSzCzewgJMtREZM30wXnM5ls90hxiOtAuVU6H5JgbA==

"@vue/compiler-core@3.2.45":
  version "3.2.45"
  resolved "https://registry.yarnpkg.com/@vue/compiler-core/-/compiler-core-3.2.45.tgz#d9311207d96f6ebd5f4660be129fb99f01ddb41b"
  integrity sha512-rcMj7H+PYe5wBV3iYeUgbCglC+pbpN8hBLTJvRiK2eKQiWqu+fG9F+8sW99JdL4LQi7Re178UOxn09puSXvn4A==
  dependencies:
    "@babel/parser" "^7.16.4"
    "@vue/shared" "3.2.45"
    estree-walker "^2.0.2"
    source-map "^0.6.1"

"@vue/compiler-dom@3.2.45":
  version "3.2.45"
  resolved "https://registry.yarnpkg.com/@vue/compiler-dom/-/compiler-dom-3.2.45.tgz#c43cc15e50da62ecc16a42f2622d25dc5fd97dce"
  integrity sha512-tyYeUEuKqqZO137WrZkpwfPCdiiIeXYCcJ8L4gWz9vqaxzIQRccTSwSWZ/Axx5YR2z+LvpUbmPNXxuBU45lyRw==
  dependencies:
    "@vue/compiler-core" "3.2.45"
    "@vue/shared" "3.2.45"

"@vue/compiler-sfc@3.2.45":
  version "3.2.45"
  resolved "https://registry.yarnpkg.com/@vue/compiler-sfc/-/compiler-sfc-3.2.45.tgz#7f7989cc04ec9e7c55acd406827a2c4e96872c70"
  integrity sha512-1jXDuWah1ggsnSAOGsec8cFjT/K6TMZ0sPL3o3d84Ft2AYZi2jWJgRMjw4iaK0rBfA89L5gw427H4n1RZQBu6Q==
  dependencies:
    "@babel/parser" "^7.16.4"
    "@vue/compiler-core" "3.2.45"
    "@vue/compiler-dom" "3.2.45"
    "@vue/compiler-ssr" "3.2.45"
    "@vue/reactivity-transform" "3.2.45"
    "@vue/shared" "3.2.45"
    estree-walker "^2.0.2"
    magic-string "^0.25.7"
    postcss "^8.1.10"
    source-map "^0.6.1"

"@vue/compiler-ssr@3.2.45":
  version "3.2.45"
  resolved "https://registry.yarnpkg.com/@vue/compiler-ssr/-/compiler-ssr-3.2.45.tgz#bd20604b6e64ea15344d5b6278c4141191c983b2"
  integrity sha512-6BRaggEGqhWht3lt24CrIbQSRD5O07MTmd+LjAn5fJj568+R9eUD2F7wMQJjX859seSlrYog7sUtrZSd7feqrQ==
  dependencies:
    "@vue/compiler-dom" "3.2.45"
    "@vue/shared" "3.2.45"

"@vue/devtools-api@^6.4.5":
  version "6.4.5"
  resolved "https://registry.yarnpkg.com/@vue/devtools-api/-/devtools-api-6.4.5.tgz#d54e844c1adbb1e677c81c665ecef1a2b4bb8380"
  integrity sha512-JD5fcdIuFxU4fQyXUu3w2KpAJHzTVdN+p4iOX2lMWSHMOoQdMAcpFLZzm9Z/2nmsoZ1a96QEhZ26e50xLBsgOQ==

"@vue/reactivity-transform@3.2.45":
  version "3.2.45"
  resolved "https://registry.yarnpkg.com/@vue/reactivity-transform/-/reactivity-transform-3.2.45.tgz#07ac83b8138550c83dfb50db43cde1e0e5e8124d"
  integrity sha512-BHVmzYAvM7vcU5WmuYqXpwaBHjsS8T63jlKGWVtHxAHIoMIlmaMyurUSEs1Zcg46M4AYT5MtB1U274/2aNzjJQ==
  dependencies:
    "@babel/parser" "^7.16.4"
    "@vue/compiler-core" "3.2.45"
    "@vue/shared" "3.2.45"
    estree-walker "^2.0.2"
    magic-string "^0.25.7"

"@vue/reactivity@3.2.45":
  version "3.2.45"
  resolved "https://registry.yarnpkg.com/@vue/reactivity/-/reactivity-3.2.45.tgz#412a45b574de601be5a4a5d9a8cbd4dee4662ff0"
  integrity sha512-PRvhCcQcyEVohW0P8iQ7HDcIOXRjZfAsOds3N99X/Dzewy8TVhTCT4uXpAHfoKjVTJRA0O0K+6QNkDIZAxNi3A==
  dependencies:
    "@vue/shared" "3.2.45"

"@vue/runtime-core@3.2.45":
  version "3.2.45"
  resolved "https://registry.yarnpkg.com/@vue/runtime-core/-/runtime-core-3.2.45.tgz#7ad7ef9b2519d41062a30c6fa001ec43ac549c7f"
  integrity sha512-gzJiTA3f74cgARptqzYswmoQx0fIA+gGYBfokYVhF8YSXjWTUA2SngRzZRku2HbGbjzB6LBYSbKGIaK8IW+s0A==
  dependencies:
    "@vue/reactivity" "3.2.45"
    "@vue/shared" "3.2.45"

"@vue/runtime-dom@3.2.45":
  version "3.2.45"
  resolved "https://registry.yarnpkg.com/@vue/runtime-dom/-/runtime-dom-3.2.45.tgz#1a2ef6ee2ad876206fbbe2a884554bba2d0faf59"
  integrity sha512-cy88YpfP5Ue2bDBbj75Cb4bIEZUMM/mAkDMfqDTpUYVgTf/kuQ2VQ8LebuZ8k6EudgH8pYhsGWHlY0lcxlvTwA==
  dependencies:
    "@vue/runtime-core" "3.2.45"
    "@vue/shared" "3.2.45"
    csstype "^2.6.8"

"@vue/server-renderer@3.2.45":
  version "3.2.45"
  resolved "https://registry.yarnpkg.com/@vue/server-renderer/-/server-renderer-3.2.45.tgz#ca9306a0c12b0530a1a250e44f4a0abac6b81f3f"
  integrity sha512-ebiMq7q24WBU1D6uhPK//2OTR1iRIyxjF5iVq/1a5I1SDMDyDu4Ts6fJaMnjrvD3MqnaiFkKQj+LKAgz5WIK3g==
  dependencies:
    "@vue/compiler-ssr" "3.2.45"
    "@vue/shared" "3.2.45"

"@vue/shared@3.2.45":
  version "3.2.45"
  resolved "https://registry.yarnpkg.com/@vue/shared/-/shared-3.2.45.tgz#a3fffa7489eafff38d984e23d0236e230c818bc2"
  integrity sha512-Ewzq5Yhimg7pSztDV+RH1UDKBzmtqieXQlpTVm2AwraoRL/Rks96mvd8Vgi7Lj+h+TH8dv7mXD3FRZR3TUvbSg==

asynckit@^0.4.0:
  version "0.4.0"
  resolved "https://registry.yarnpkg.com/asynckit/-/asynckit-0.4.0.tgz#c79ed97f7f34cb8f2ba1bc9790bcc366474b4b79"
  integrity sha512-Oei9OH4tRh0YqU3GxhX79dM/mwVgvbZJaSNaRk+bshkj0S5cfHcgYakreBjrHwatXKbz+IoIdYLxrKim2MjW0Q==

auth0@^3.0.1:
  version "3.0.1"
  resolved "https://registry.yarnpkg.com/auth0/-/auth0-3.0.1.tgz#6f9392d0569412c4327c5b65d86af6a041e1b236"
  integrity sha512-3VZd+irYBIo16rEtYUnzK8FoOCgShiYsv1foQA5Zzcsj44RLq5mSVhyuYTIg9/h0Al2CXWalxYK/lrMtkQftzw==
  dependencies:
    axios "^0.27.2"
    form-data "^3.0.1"
    jsonwebtoken "^9.0.0"
    jwks-rsa "^3.0.0"
    lru-memoizer "^2.1.4"
    rest-facade "^1.16.3"
    retry "^0.13.1"

axios@^0.27.2:
  version "0.27.2"
  resolved "https://registry.yarnpkg.com/axios/-/axios-0.27.2.tgz#207658cc8621606e586c85db4b41a750e756d972"
  integrity sha512-t+yRIyySRTp/wua5xEr+z1q60QmLq8ABsS5O9Me1AsE5dfKqgnCFzwiCZZ/cGNd1lq4/7akDWMxdhVlucjmnOQ==
  dependencies:
    follow-redirects "^1.14.9"
    form-data "^4.0.0"

axios@^1.2.1:
  version "1.2.1"
  resolved "https://registry.yarnpkg.com/axios/-/axios-1.2.1.tgz#44cf04a3c9f0c2252ebd85975361c026cb9f864a"
  integrity sha512-I88cFiGu9ryt/tfVEi4kX2SITsvDddTajXTOFmt2uK1ZVA8LytjtdeyefdQWEf5PU8w+4SSJDoYnggflB5tW4A==
  dependencies:
    follow-redirects "^1.15.0"
    form-data "^4.0.0"
    proxy-from-env "^1.1.0"

buffer-equal-constant-time@1.0.1:
  version "1.0.1"
  resolved "https://registry.yarnpkg.com/buffer-equal-constant-time/-/buffer-equal-constant-time-1.0.1.tgz#f8e71132f7ffe6e01a5c9697a4c6f3e48d5cc819"
  integrity sha512-zRpUiDwd/xk6ADqPMATG8vc9VPrkck7T07OIx0gnjmJAnHnTVXNQG3vfvWNuiZIkwu9KrKdA1iJKfsfTVxE6NA==

call-bind@^1.0.0:
  version "1.0.2"
  resolved "https://registry.yarnpkg.com/call-bind/-/call-bind-1.0.2.tgz#b1d4e89e688119c3c9a903ad30abb2f6a919be3c"
  integrity sha512-7O+FbCihrB5WGbFYesctwmTKae6rOiIzmz1icreWJ+0aA7LJfuqhEso2T9ncpcFtzMQtzXf2QGGueWJGTYsqrA==
  dependencies:
    function-bind "^1.1.1"
    get-intrinsic "^1.0.2"

camel-case@^1.1.1:
  version "1.2.2"
  resolved "https://registry.yarnpkg.com/camel-case/-/camel-case-1.2.2.tgz#1aca7c4d195359a2ce9955793433c6e5542511f2"
  integrity sha512-rUug78lL8mqStaLehmH2F0LxMJ2TM9fnPFxb+gFkgyUjUM/1o2wKTQtalypHnkb2cFwH/DENBw7YEAOYLgSMxQ==
  dependencies:
    sentence-case "^1.1.1"
    upper-case "^1.1.1"

change-case@^2.3.0:
  version "2.3.1"
  resolved "https://registry.yarnpkg.com/change-case/-/change-case-2.3.1.tgz#2c4fde3f063bb41d00cd68e0d5a09db61cbe894f"
  integrity sha512-3HE5jrTqqn9jeKzD0+yWi7FU4OMicLbwB57ph4bpwEn5jGi3hZug5WjZjnBD2RY7YyTKAAck86ACfShXUWJKLg==
  dependencies:
    camel-case "^1.1.1"
    constant-case "^1.1.0"
    dot-case "^1.1.0"
    is-lower-case "^1.1.0"
    is-upper-case "^1.1.0"
    lower-case "^1.1.1"
    lower-case-first "^1.0.0"
    param-case "^1.1.0"
    pascal-case "^1.1.0"
    path-case "^1.1.0"
    sentence-case "^1.1.1"
    snake-case "^1.1.0"
    swap-case "^1.1.0"
    title-case "^1.1.0"
    upper-case "^1.1.1"
    upper-case-first "^1.1.0"

combined-stream@^1.0.8:
  version "1.0.8"
  resolved "https://registry.yarnpkg.com/combined-stream/-/combined-stream-1.0.8.tgz#c3d45a8b34fd730631a110a8a2520682b31d5a7f"
  integrity sha512-FQN4MRfuJeHf7cBbBMJFXhKSDq+2kAArBlmRBvcvFE5BB1HZKXtSFASDhdlz9zOYwxh8lDdnvmMOe/+5cdoEdg==
  dependencies:
    delayed-stream "~1.0.0"

component-emitter@^1.3.0:
  version "1.3.0"
  resolved "https://registry.yarnpkg.com/component-emitter/-/component-emitter-1.3.0.tgz#16e4070fba8ae29b679f2215853ee181ab2eabc0"
  integrity sha512-Rd3se6QB+sO1TwqZjscQrurpEPIfO0/yYnSin6Q/rD3mOutHvUrCAhJub3r90uNb+SESBuE0QYoB90YdfatsRg==

constant-case@^1.1.0:
  version "1.1.2"
  resolved "https://registry.yarnpkg.com/constant-case/-/constant-case-1.1.2.tgz#8ec2ca5ba343e00aa38dbf4e200fd5ac907efd63"
  integrity sha512-FQ/HuOuSnX6nIF8OnofRWj+KnOpGAHXQpOKHmsL1sAnuLwu6r5mHGK+mJc0SkHkbmNfcU/SauqXLTEOL1JQfJA==
  dependencies:
    snake-case "^1.1.0"
    upper-case "^1.1.1"

cookiejar@^2.1.2:
  version "2.1.3"
  resolved "https://registry.yarnpkg.com/cookiejar/-/cookiejar-2.1.3.tgz#fc7a6216e408e74414b90230050842dacda75acc"
  integrity sha512-JxbCBUdrfr6AQjOXrxoTvAMJO4HBTUIlBzslcJPAz+/KT8yk53fXun51u+RenNYvad/+Vc2DIz5o9UxlCDymFQ==

csstype@^2.6.8:
  version "2.6.21"
  resolved "https://registry.yarnpkg.com/csstype/-/csstype-2.6.21.tgz#2efb85b7cc55c80017c66a5ad7cbd931fda3a90e"
  integrity sha512-Z1PhmomIfypOpoMjRQB70jfvy/wxT50qW08YXO5lMIJkrdq4yOTR+AW7FqutScmB9NkLwxo+jU+kZLbofZZq/w==

debug@^4.1.1, debug@^4.3.4:
  version "4.3.4"
  resolved "https://registry.yarnpkg.com/debug/-/debug-4.3.4.tgz#1319f6579357f2338d3337d2cdd4914bb5dcc865"
  integrity sha512-PRWFHuSU3eDtQJPvnNY7Jcket1j0t5OuOsFzPPzsekD52Zl8qUfFIPEiswXqIvHWGVHOgX+7G/vCNNhehwxfkQ==
  dependencies:
    ms "2.1.2"

deepmerge@^3.2.0:
  version "3.3.0"
  resolved "https://registry.yarnpkg.com/deepmerge/-/deepmerge-3.3.0.tgz#d3c47fd6f3a93d517b14426b0628a17b0125f5f7"
  integrity sha512-GRQOafGHwMHpjPx9iCvTgpu9NojZ49q794EEL94JVEw6VaeA8XTUyBKvAkOOjBX9oJNiV6G3P+T+tihFjo2TqA==

delayed-stream@~1.0.0:
  version "1.0.0"
  resolved "https://registry.yarnpkg.com/delayed-stream/-/delayed-stream-1.0.0.tgz#df3ae199acadfb7d440aaae0b29e2272b24ec619"
  integrity sha512-ZySD7Nf91aLB0RxL4KGrKHBXl7Eds1DAmEdcoVawXnLD7SDhpNgtuII2aAkg7a7QS41jxPSZ17p4VdGnMHk3MQ==

dot-case@^1.1.0:
  version "1.1.2"
  resolved "https://registry.yarnpkg.com/dot-case/-/dot-case-1.1.2.tgz#1e73826900de28d6de5480bc1de31d0842b06bec"
  integrity sha512-NzEIt12UjECXi6JZ/R/nBey6EE1qCN0yUTEFaPIaKW0AcOEwlKqujtcJVbtSfLNnj3CDoXLQyli79vAaqohyvw==
  dependencies:
    sentence-case "^1.1.2"

ecdsa-sig-formatter@1.0.11:
  version "1.0.11"
  resolved "https://registry.yarnpkg.com/ecdsa-sig-formatter/-/ecdsa-sig-formatter-1.0.11.tgz#ae0f0fa2d85045ef14a817daa3ce9acd0489e5bf"
  integrity sha512-nagl3RYrbNv6kQkeJIpt6NJZy8twLB/2vtz6yN9Z4vRKHN4/QZJIEbqohALSgwKdnksuY3k5Addp5lg8sVoVcQ==
  dependencies:
    safe-buffer "^5.0.1"

esbuild@^0.16.3:
  version "0.16.10"
  resolved "https://registry.yarnpkg.com/esbuild/-/esbuild-0.16.10.tgz#d485c28f1626a3f9c1796c952e4cd0561f0031bb"
  integrity sha512-z5dIViHoVnw2l+NCJ3zj5behdXjYvXne9gL18OOivCadXDUhyDkeSvEtLcGVAJW2fNmh33TDUpsi704XYlDodw==
  optionalDependencies:
    "@esbuild/android-arm" "0.16.10"
    "@esbuild/android-arm64" "0.16.10"
    "@esbuild/android-x64" "0.16.10"
    "@esbuild/darwin-arm64" "0.16.10"
    "@esbuild/darwin-x64" "0.16.10"
    "@esbuild/freebsd-arm64" "0.16.10"
    "@esbuild/freebsd-x64" "0.16.10"
    "@esbuild/linux-arm" "0.16.10"
    "@esbuild/linux-arm64" "0.16.10"
    "@esbuild/linux-ia32" "0.16.10"
    "@esbuild/linux-loong64" "0.16.10"
    "@esbuild/linux-mips64el" "0.16.10"
    "@esbuild/linux-ppc64" "0.16.10"
    "@esbuild/linux-riscv64" "0.16.10"
    "@esbuild/linux-s390x" "0.16.10"
    "@esbuild/linux-x64" "0.16.10"
    "@esbuild/netbsd-x64" "0.16.10"
    "@esbuild/openbsd-x64" "0.16.10"
    "@esbuild/sunos-x64" "0.16.10"
    "@esbuild/win32-arm64" "0.16.10"
    "@esbuild/win32-ia32" "0.16.10"
    "@esbuild/win32-x64" "0.16.10"

estree-walker@^2.0.2:
  version "2.0.2"
  resolved "https://registry.yarnpkg.com/estree-walker/-/estree-walker-2.0.2.tgz#52f010178c2a4c117a7757cfe942adb7d2da4cac"
  integrity sha512-Rfkk/Mp/DL7JVje3u18FxFujQlTNR2q6QfMSMB7AvCBx91NGj/ba3kCfza0f6dVDbw7YlRf/nDrn7pQrCCyQ/w==

fast-safe-stringify@^2.0.7:
  version "2.1.1"
  resolved "https://registry.yarnpkg.com/fast-safe-stringify/-/fast-safe-stringify-2.1.1.tgz#c406a83b6e70d9e35ce3b30a81141df30aeba884"
  integrity sha512-W+KJc2dmILlPplD/H4K9l9LcAHAfPtP6BY84uVLXQ6Evcz9Lcg33Y2z1IVblT6xdY54PXYVHEv+0Wpq8Io6zkA==

follow-redirects@^1.14.9, follow-redirects@^1.15.0:
  version "1.15.2"
  resolved "https://registry.yarnpkg.com/follow-redirects/-/follow-redirects-1.15.2.tgz#b460864144ba63f2681096f274c4e57026da2c13"
  integrity sha512-VQLG33o04KaQ8uYi2tVNbdrWp1QWxNNea+nmIB4EVM28v0hmP17z7aG1+wAkNzVq4KeXTq3221ye5qTJP91JwA==

form-data@^3.0.0, form-data@^3.0.1:
  version "3.0.1"
  resolved "https://registry.yarnpkg.com/form-data/-/form-data-3.0.1.tgz#ebd53791b78356a99af9a300d4282c4d5eb9755f"
  integrity sha512-RHkBKtLWUVwd7SqRIvCZMEvAMoGUp0XU+seQiZejj0COz3RI3hWP4sCv3gZWWLjJTd7rGwcsF5eKZGii0r/hbg==
  dependencies:
    asynckit "^0.4.0"
    combined-stream "^1.0.8"
    mime-types "^2.1.12"

form-data@^4.0.0:
  version "4.0.0"
  resolved "https://registry.yarnpkg.com/form-data/-/form-data-4.0.0.tgz#93919daeaf361ee529584b9b31664dc12c9fa452"
  integrity sha512-ETEklSGi5t0QMZuiXoA/Q6vcnxcLQP5vdugSpuAyi6SVGi2clPPp+xgEhuMaHC+zGgn31Kd235W35f7Hykkaww==
  dependencies:
    asynckit "^0.4.0"
    combined-stream "^1.0.8"
    mime-types "^2.1.12"

formidable@^1.2.2:
  version "1.2.6"
  resolved "https://registry.yarnpkg.com/formidable/-/formidable-1.2.6.tgz#d2a51d60162bbc9b4a055d8457a7c75315d1a168"
  integrity sha512-KcpbcpuLNOwrEjnbpMC0gS+X8ciDoZE1kkqzat4a8vrprf+s9pKNQ/QIwWfbfs4ltgmFl3MD177SNTkve3BwGQ==

fsevents@~2.3.2:
  version "2.3.2"
  resolved "https://registry.yarnpkg.com/fsevents/-/fsevents-2.3.2.tgz#8a526f78b8fdf4623b709e0b975c52c24c02fd1a"
  integrity sha512-xiqMQR4xAeHTuB9uWm+fFRcIOgKBMiOBP+eXiyT7jsgVCq1bkVygt00oASowB7EdtpOHaaPgKt812P9ab+DDKA==

function-bind@^1.1.1:
  version "1.1.1"
  resolved "https://registry.yarnpkg.com/function-bind/-/function-bind-1.1.1.tgz#a56899d3ea3c9bab874bb9773b7c5ede92f4895d"
  integrity sha512-yIovAzMX49sF8Yl58fSCWJ5svSLuaibPxXQJFLmBObTuCr0Mf1KiPopGM9NiFjiYBCbfaa2Fh6breQ6ANVTI0A==

get-intrinsic@^1.0.2:
  version "1.1.3"
  resolved "https://registry.yarnpkg.com/get-intrinsic/-/get-intrinsic-1.1.3.tgz#063c84329ad93e83893c7f4f243ef63ffa351385"
  integrity sha512-QJVz1Tj7MS099PevUG5jvnt9tSkXN8K14dxQlikJuPt4uD9hHAHjLyLBiLR5zELelBdD9QNRAXZzsJx0WaDL9A==
  dependencies:
    function-bind "^1.1.1"
    has "^1.0.3"
    has-symbols "^1.0.3"

has-symbols@^1.0.3:
  version "1.0.3"
  resolved "https://registry.yarnpkg.com/has-symbols/-/has-symbols-1.0.3.tgz#bb7b2c4349251dce87b125f7bdf874aa7c8b39f8"
  integrity sha512-l3LCuF6MgDNwTDKkdYGEihYjt5pRPbEg46rtlmnSPlUbgmB8LOIrKJbYYFBSbnPaJexMKtiPO8hmeRjRz2Td+A==

has@^1.0.3:
  version "1.0.3"
  resolved "https://registry.yarnpkg.com/has/-/has-1.0.3.tgz#722d7cbfc1f6aa8241f16dd814e011e1f41e8796"
  integrity sha512-f2dvO0VU6Oej7RkWJGrehjbzMAjFp5/VKPp5tTpWIV4JHHZK1/BxbFRtf/siA2SWTe09caDmVtYYzWEIbBS4zw==
  dependencies:
    function-bind "^1.1.1"

inherits@^2.0.3:
  version "2.0.4"
  resolved "https://registry.yarnpkg.com/inherits/-/inherits-2.0.4.tgz#0fa2c64f932917c3433a0ded55363aae37416b7c"
  integrity sha512-k/vGaX4/Yla3WzyMCvTQOXYeIHvqOKtnqBduzTHpzpQZzAskKMhZ2K+EnBiSM9zGSoIFeMpXKxa4dYeZIQqewQ==

is-core-module@^2.9.0:
  version "2.11.0"
  resolved "https://registry.yarnpkg.com/is-core-module/-/is-core-module-2.11.0.tgz#ad4cb3e3863e814523c96f3f58d26cc570ff0144"
  integrity sha512-RRjxlvLDkD1YJwDbroBHMb+cukurkDWNyHx7D3oNB5x9rb5ogcksMC5wHCadcXoo67gVr/+3GFySh3134zi6rw==
  dependencies:
    has "^1.0.3"

is-lower-case@^1.1.0:
  version "1.1.3"
  resolved "https://registry.yarnpkg.com/is-lower-case/-/is-lower-case-1.1.3.tgz#7e147be4768dc466db3bfb21cc60b31e6ad69393"
  integrity sha512-+5A1e/WJpLLXZEDlgz4G//WYSHyQBD32qa4Jd3Lw06qQlv3fJHnp3YIHjTQSGzHMgzmVKz2ZP3rBxTHkPw/lxA==
  dependencies:
    lower-case "^1.1.0"

is-upper-case@^1.1.0:
  version "1.1.2"
  resolved "https://registry.yarnpkg.com/is-upper-case/-/is-upper-case-1.1.2.tgz#8d0b1fa7e7933a1e58483600ec7d9661cbaf756f"
  integrity sha512-GQYSJMgfeAmVwh9ixyk888l7OIhNAGKtY6QA+IrWlu9MDTCaXmeozOZ2S9Knj7bQwBO/H6J2kb+pbyTUiMNbsw==
  dependencies:
    upper-case "^1.1.0"

jose@^4.10.3:
  version "4.11.1"
  resolved "https://registry.yarnpkg.com/jose/-/jose-4.11.1.tgz#8f7443549befe5bddcf4bae664a9cbc1a62da4fa"
  integrity sha512-YRv4Tk/Wlug8qicwqFNFVEZSdbROCHRAC6qu/i0dyNKr5JQdoa2pIGoS04lLO/jXQX7Z9omoNewYIVIxqZBd9Q==

jsonwebtoken@^9.0.0:
  version "9.0.0"
  resolved "https://registry.yarnpkg.com/jsonwebtoken/-/jsonwebtoken-9.0.0.tgz#d0faf9ba1cc3a56255fe49c0961a67e520c1926d"
  integrity sha512-tuGfYXxkQGDPnLJ7SibiQgVgeDgfbPq2k2ICcbgqW8WxWLBAxKQM/ZCu/IT8SOSwmaYl4dpTFCW5xZv7YbbWUw==
  dependencies:
    jws "^3.2.2"
    lodash "^4.17.21"
    ms "^2.1.1"
    semver "^7.3.8"

jwa@^1.4.1:
  version "1.4.1"
  resolved "https://registry.yarnpkg.com/jwa/-/jwa-1.4.1.tgz#743c32985cb9e98655530d53641b66c8645b039a"
  integrity sha512-qiLX/xhEEFKUAJ6FiBMbes3w9ATzyk5W7Hvzpa/SLYdxNtng+gcurvrI7TbACjIXlsJyr05/S1oUhZrc63evQA==
  dependencies:
    buffer-equal-constant-time "1.0.1"
    ecdsa-sig-formatter "1.0.11"
    safe-buffer "^5.0.1"

jwks-rsa@^3.0.0:
  version "3.0.0"
  resolved "https://registry.yarnpkg.com/jwks-rsa/-/jwks-rsa-3.0.0.tgz#5c0b298efbf4b4a47069184b2005fe94e8c088da"
  integrity sha512-x9qNrP/kD6tOfrLzBVC5HaneBTR+fCEGIjwk/xSdl+KA7Tzf+R3oiY9ibrONKVLF9fR0V03enkitYPZkO65fAQ==
  dependencies:
    "@types/express" "^4.17.14"
    "@types/jsonwebtoken" "^8.5.9"
    debug "^4.3.4"
    jose "^4.10.3"
    limiter "^1.1.5"
    lru-memoizer "^2.1.4"

jws@^3.2.2:
  version "3.2.2"
  resolved "https://registry.yarnpkg.com/jws/-/jws-3.2.2.tgz#001099f3639468c9414000e99995fa52fb478304"
  integrity sha512-YHlZCB6lMTllWDtSPHz/ZXTsi8S00usEV6v1tjq8tOUZzw7DpSDWVXjXDre6ed1w/pd495ODpHZYSdkRTsa0HA==
  dependencies:
    jwa "^1.4.1"
    safe-buffer "^5.0.1"

limiter@^1.1.5:
  version "1.1.5"
  resolved "https://registry.yarnpkg.com/limiter/-/limiter-1.1.5.tgz#8f92a25b3b16c6131293a0cc834b4a838a2aa7c2"
  integrity sha512-FWWMIEOxz3GwUI4Ts/IvgVy6LPvoMPgjMdQ185nN6psJyBJ4yOpzqm695/h5umdLJg2vW3GR5iG11MAkR2AzJA==

lodash.clonedeep@^4.5.0:
  version "4.5.0"
  resolved "https://registry.yarnpkg.com/lodash.clonedeep/-/lodash.clonedeep-4.5.0.tgz#e23f3f9c4f8fbdde872529c1071857a086e5ccef"
  integrity sha512-H5ZhCF25riFd9uB5UCkVKo61m3S/xZk1x4wA6yp/L3RFP6Z/eHH1ymQcGLo7J3GMPfm0V/7m1tryHuGVxpqEBQ==

lodash.get@^4.4.2:
  version "4.4.2"
  resolved "https://registry.yarnpkg.com/lodash.get/-/lodash.get-4.4.2.tgz#2d177f652fa31e939b4438d5341499dfa3825e99"
  integrity sha512-z+Uw/vLuy6gQe8cfaFWD7p0wVv8fJl3mbzXh33RS+0oW2wvUqiRXiQ69gLWSLpgB5/6sU+r6BlQR0MBILadqTQ==

lodash@^4.17.21:
  version "4.17.21"
  resolved "https://registry.yarnpkg.com/lodash/-/lodash-4.17.21.tgz#679591c564c3bffaae8454cf0b3df370c3d6911c"
  integrity sha512-v2kDEe57lecTulaDIuNTPy3Ry4gLGJ6Z1O3vE1krgXZNrsQ+LFTGHVxVjcXPs17LhbZVGedAJv8XZ1tvj5FvSg==

lower-case-first@^1.0.0:
  version "1.0.2"
  resolved "https://registry.yarnpkg.com/lower-case-first/-/lower-case-first-1.0.2.tgz#e5da7c26f29a7073be02d52bac9980e5922adfa1"
  integrity sha512-UuxaYakO7XeONbKrZf5FEgkantPf5DUqDayzP5VXZrtRPdH86s4kN47I8B3TW10S4QKiE3ziHNf3kRN//okHjA==
  dependencies:
    lower-case "^1.1.2"

lower-case@^1.1.0, lower-case@^1.1.1, lower-case@^1.1.2:
  version "1.1.4"
  resolved "https://registry.yarnpkg.com/lower-case/-/lower-case-1.1.4.tgz#9a2cabd1b9e8e0ae993a4bf7d5875c39c42e8eac"
  integrity sha512-2Fgx1Ycm599x+WGpIYwJOvsjmXFzTSc34IwDWALRA/8AopUKAVPwfJ+h5+f85BCp0PWmmJcWzEpxOpoXycMpdA==

lru-cache@^6.0.0:
  version "6.0.0"
  resolved "https://registry.yarnpkg.com/lru-cache/-/lru-cache-6.0.0.tgz#6d6fe6570ebd96aaf90fcad1dafa3b2566db3a94"
  integrity sha512-Jo6dJ04CmSjuznwJSS3pUeWmd/H0ffTlkXXgwZi+eq1UCmqQwCh+eLsYOYCwY991i2Fah4h1BEMCx4qThGbsiA==
  dependencies:
    yallist "^4.0.0"

lru-cache@~4.0.0:
  version "4.0.2"
  resolved "https://registry.yarnpkg.com/lru-cache/-/lru-cache-4.0.2.tgz#1d17679c069cda5d040991a09dbc2c0db377e55e"
  integrity sha512-uQw9OqphAGiZhkuPlpFGmdTU2tEuhxTourM/19qGJrxBPHAr/f8BT1a0i/lOclESnGatdJG/UCkP9kZB/Lh1iw==
  dependencies:
    pseudomap "^1.0.1"
    yallist "^2.0.0"

lru-memoizer@^2.1.4:
  version "2.1.4"
  resolved "https://registry.yarnpkg.com/lru-memoizer/-/lru-memoizer-2.1.4.tgz#b864d92b557f00b1eeb322156a0409cb06dafac6"
  integrity sha512-IXAq50s4qwrOBrXJklY+KhgZF+5y98PDaNo0gi/v2KQBFLyWr+JyFvijZXkGKjQj/h9c0OwoE+JZbwUXce76hQ==
  dependencies:
    lodash.clonedeep "^4.5.0"
    lru-cache "~4.0.0"

magic-string@^0.25.7:
  version "0.25.9"
  resolved "https://registry.yarnpkg.com/magic-string/-/magic-string-0.25.9.tgz#de7f9faf91ef8a1c91d02c2e5314c8277dbcdd1c"
  integrity sha512-RmF0AsMzgt25qzqqLc1+MbHmhdx0ojF2Fvs4XnOqz2ZOBXzzkEwc/dJQZCYHAn7v1jbVOjAZfK8msRn4BxO4VQ==
  dependencies:
    sourcemap-codec "^1.4.8"

methods@^1.1.2:
  version "1.1.2"
  resolved "https://registry.yarnpkg.com/methods/-/methods-1.1.2.tgz#5529a4d67654134edcc5266656835b0f851afcee"
  integrity sha512-iclAHeNqNm68zFtnZ0e+1L2yUIdvzNoauKU4WBA3VvH/vPFieF7qfRlwUZU+DA9P9bPXIS90ulxoUoCH23sV2w==

mime-db@1.52.0:
  version "1.52.0"
  resolved "https://registry.yarnpkg.com/mime-db/-/mime-db-1.52.0.tgz#bbabcdc02859f4987301c856e3387ce5ec43bf70"
  integrity sha512-sPU4uV7dYlvtWJxwwxHD0PuihVNiE7TyAbQ5SWxDCB9mUYvOgroQOwYQQOKPJ8CIbE+1ETVlOoK1UC2nU3gYvg==

mime-types@^2.1.12:
  version "2.1.35"
  resolved "https://registry.yarnpkg.com/mime-types/-/mime-types-2.1.35.tgz#381a871b62a734450660ae3deee44813f70d959a"
  integrity sha512-ZDY+bPm5zTTF+YpCrAU9nK0UgICYPT0QtT1NZWFv4s++TNkcgVaT0g6+4R2uI4MjQjzysHB1zxuWL50hzaeXiw==
  dependencies:
    mime-db "1.52.0"

mime@^2.4.6:
  version "2.6.0"
  resolved "https://registry.yarnpkg.com/mime/-/mime-2.6.0.tgz#a2a682a95cd4d0cb1d6257e28f83da7e35800367"
  integrity sha512-USPkMeET31rOMiarsBNIHZKLGgvKc/LrjofAnBlOttf5ajRvqiRA8QsenbcooctK6d6Ts6aqZXBA+XbkKthiQg==

ms@2.1.2:
  version "2.1.2"
  resolved "https://registry.yarnpkg.com/ms/-/ms-2.1.2.tgz#d09d1f357b443f493382a8eb3ccd183872ae6009"
  integrity sha512-sGkPx+VjMtmA6MX27oA4FBFELFCZZ4S4XqeGOXCv68tT+jb3vk/RyaKWP0PTKyWtmLSM0b+adUTEvbs1PEaH2w==

ms@^2.1.1:
  version "2.1.3"
  resolved "https://registry.yarnpkg.com/ms/-/ms-2.1.3.tgz#574c8138ce1d2b5861f0b44579dbadd60c6615b2"
  integrity sha512-6FlzubTLZG3J2a/NVCAleEhjzq5oxgHyaCU9yYXvcLsvoVaHJq/s5xXI6/XXP6tz7R9xAOtHnSO/tXtF3WRTlA==

nanoid@^3.3.4:
  version "3.3.4"
  resolved "https://registry.yarnpkg.com/nanoid/-/nanoid-3.3.4.tgz#730b67e3cd09e2deacf03c027c81c9d9dbc5e8ab"
  integrity sha512-MqBkQh/OHTS2egovRtLk45wEyNXwF+cokD+1YPf9u5VfJiRdAiRwB2froX5Co9Rh20xs4siNPm8naNotSD6RBw==

object-inspect@^1.9.0:
  version "1.12.2"
  resolved "https://registry.yarnpkg.com/object-inspect/-/object-inspect-1.12.2.tgz#c0641f26394532f28ab8d796ab954e43c009a8ea"
  integrity sha512-z+cPxW0QGUp0mcqcsgQyLVRDoXFQbXOwBaqyF7VIgI4TWNQsDHrBpUQslRmIfAoYWdYzs6UlKJtB2XJpTaNSpQ==

param-case@^1.1.0:
  version "1.1.2"
  resolved "https://registry.yarnpkg.com/param-case/-/param-case-1.1.2.tgz#dcb091a43c259b9228f1c341e7b6a44ea0bf9743"
  integrity sha512-gksk6zeZQxwBm1AHsKh+XDFsTGf1LvdZSkkpSIkfDtzW+EQj/P2PBgNb3Cs0Y9Xxqmbciv2JZe3fWU6Xbher+Q==
  dependencies:
    sentence-case "^1.1.2"

pascal-case@^1.1.0:
  version "1.1.2"
  resolved "https://registry.yarnpkg.com/pascal-case/-/pascal-case-1.1.2.tgz#3e5d64a20043830a7c49344c2d74b41be0c9c99b"
  integrity sha512-QWlbdQHdKWlcyTEuv/M0noJtlCa7qTmg5QFAqhx5X9xjAfCU1kXucL+rcOmd2HliESuRLIOz8521RAW/yhuQog==
  dependencies:
    camel-case "^1.1.1"
    upper-case-first "^1.1.0"

path-case@^1.1.0:
  version "1.1.2"
  resolved "https://registry.yarnpkg.com/path-case/-/path-case-1.1.2.tgz#50ce6ba0d3bed3dd0b5c2a9c4553697434409514"
  integrity sha512-2snAGA6xVRqTuTPa40bn0iEpYtVK6gEqeyS/63dqpm5pGlesOv6EmRcnB9Rr6eAnAC2Wqlbz0tqgJZryttxhxg==
  dependencies:
    sentence-case "^1.1.2"

path-parse@^1.0.7:
  version "1.0.7"
  resolved "https://registry.yarnpkg.com/path-parse/-/path-parse-1.0.7.tgz#fbc114b60ca42b30d9daf5858e4bd68bbedb6735"
  integrity sha512-LDJzPVEEEPR+y48z93A0Ed0yXb8pAByGWo/k5YYdYgpY2/2EsOsksJrq7lOHxryrVOn1ejG6oAp8ahvOIQD8sw==

picocolors@^1.0.0:
  version "1.0.0"
  resolved "https://registry.yarnpkg.com/picocolors/-/picocolors-1.0.0.tgz#cb5bdc74ff3f51892236eaf79d68bc44564ab81c"
  integrity sha512-1fygroTLlHu66zi26VoTDv8yRgm0Fccecssto+MhsZ0D/DGW2sm8E8AjW7NU5VVTRt5GxbeZ5qBuJr+HyLYkjQ==

postcss@^8.1.10, postcss@^8.4.20:
  version "8.4.20"
  resolved "https://registry.yarnpkg.com/postcss/-/postcss-8.4.20.tgz#64c52f509644cecad8567e949f4081d98349dc56"
  integrity sha512-6Q04AXR1212bXr5fh03u8aAwbLxAQNGQ/Q1LNa0VfOI06ZAlhPHtQvE4OIdpj4kLThXilalPnmDSOD65DcHt+g==
  dependencies:
    nanoid "^3.3.4"
    picocolors "^1.0.0"
    source-map-js "^1.0.2"

proxy-from-env@^1.1.0:
  version "1.1.0"
  resolved "https://registry.yarnpkg.com/proxy-from-env/-/proxy-from-env-1.1.0.tgz#e102f16ca355424865755d2c9e8ea4f24d58c3e2"
  integrity sha512-D+zkORCbA9f1tdWRK0RaCR3GPv50cMxcrz4X8k5LTSUD1Dkw47mKJEZQNunItRTkWwgtaUSo1RVFRIG9ZXiFYg==

pseudomap@^1.0.1:
  version "1.0.2"
  resolved "https://registry.yarnpkg.com/pseudomap/-/pseudomap-1.0.2.tgz#f052a28da70e618917ef0a8ac34c1ae5a68286b3"
  integrity sha512-b/YwNhb8lk1Zz2+bXXpS/LK9OisiZZ1SNsSLxN1x2OXVEhW2Ckr/7mWE5vrC1ZTiJlD9g19jWszTmJsB+oEpFQ==

qs@^6.9.4:
  version "6.11.0"
  resolved "https://registry.yarnpkg.com/qs/-/qs-6.11.0.tgz#fd0d963446f7a65e1367e01abd85429453f0c37a"
  integrity sha512-MvjoMCJwEarSbUYk5O+nmoSzSutSsTwF85zcHPQ9OrlFoZOYIjaqBAJIqIXjptyD5vThxGq52Xu/MaJzRkIk4Q==
  dependencies:
    side-channel "^1.0.4"

readable-stream@^3.6.0:
  version "3.6.0"
  resolved "https://registry.yarnpkg.com/readable-stream/-/readable-stream-3.6.0.tgz#337bbda3adc0706bd3e024426a286d4b4b2c9198"
  integrity sha512-BViHy7LKeTz4oNnkcLJ+lVSL6vpiFeX6/d3oSH8zCW7UxP2onchk+vTGB143xuFjHS3deTgkKoXXymXqymiIdA==
  dependencies:
    inherits "^2.0.3"
    string_decoder "^1.1.1"
    util-deprecate "^1.0.1"

resolve@^1.22.1:
  version "1.22.1"
  resolved "https://registry.yarnpkg.com/resolve/-/resolve-1.22.1.tgz#27cb2ebb53f91abb49470a928bba7558066ac177"
  integrity sha512-nBpuuYuY5jFsli/JIs1oldw6fOQCBioohqWZg/2hiaOybXOft4lonv85uDOKXdf8rhyK159cxU5cDcK/NKk8zw==
  dependencies:
    is-core-module "^2.9.0"
    path-parse "^1.0.7"
    supports-preserve-symlinks-flag "^1.0.0"

rest-facade@^1.16.3:
  version "1.16.3"
  resolved "https://registry.yarnpkg.com/rest-facade/-/rest-facade-1.16.3.tgz#e4d4b44a4f6a4268f30f02e1f544dd49b040499e"
  integrity sha512-9BQTPLiwg23XZwcWi0ys1wTizfc//0b2G3U6vBWcgqh56ozs2K6CD+Jw4DYcw3AqdPQN7jj8nzRUcUXFVGzb0Q==
  dependencies:
    change-case "^2.3.0"
    deepmerge "^3.2.0"
    lodash.get "^4.4.2"
    superagent "^5.1.1"

retry@^0.13.1:
  version "0.13.1"
  resolved "https://registry.yarnpkg.com/retry/-/retry-0.13.1.tgz#185b1587acf67919d63b357349e03537b2484658"
  integrity sha512-XQBQ3I8W1Cge0Seh+6gjj03LbmRFWuoszgK9ooCpwYIrhhoO80pfq4cUkU5DkknwfOfFteRwlZ56PYOGYyFWdg==

rollup@^3.7.0:
  version "3.8.1"
  resolved "https://registry.yarnpkg.com/rollup/-/rollup-3.8.1.tgz#d4af8aca7c60d5b8c0281be79ea2fab6b41d458f"
  integrity sha512-4yh9eMW7byOroYcN8DlF9P/2jCpu6txVIHjEqquQVSx7DI0RgyCCN3tjrcy4ra6yVtV336aLBB3v2AarYAxePQ==
  optionalDependencies:
    fsevents "~2.3.2"

safe-buffer@^5.0.1, safe-buffer@~5.2.0:
  version "5.2.1"
  resolved "https://registry.yarnpkg.com/safe-buffer/-/safe-buffer-5.2.1.tgz#1eaf9fa9bdb1fdd4ec75f58f9cdb4e6b7827eec6"
  integrity sha512-rp3So07KcdmmKbGvgaNxQSJr7bGVSVk5S9Eq1F+ppbRo70+YeaDxkw5Dd8NPN+GD6bjnYm2VuPuCXmpuYvmCXQ==

semver@^7.3.2, semver@^7.3.8:
  version "7.3.8"
  resolved "https://registry.yarnpkg.com/semver/-/semver-7.3.8.tgz#07a78feafb3f7b32347d725e33de7e2a2df67798"
  integrity sha512-NB1ctGL5rlHrPJtFDVIVzTyQylMLu9N9VICA6HSFJo8MCGVTMW6gfpicwKmmK/dAjTOrqu5l63JJOpDSrAis3A==
  dependencies:
    lru-cache "^6.0.0"

sentence-case@^1.1.1, sentence-case@^1.1.2:
  version "1.1.3"
  resolved "https://registry.yarnpkg.com/sentence-case/-/sentence-case-1.1.3.tgz#8034aafc2145772d3abe1509aa42c9e1042dc139"
  integrity sha512-laa/UDTPXsrQnoN/Kc8ZO7gTeEjMsuPiDgUCk9N0iINRZvqAMCTXjGl8+tD27op1eF/JHbdUlEUmovDh6AX7sA==
  dependencies:
    lower-case "^1.1.1"

side-channel@^1.0.4:
  version "1.0.4"
  resolved "https://registry.yarnpkg.com/side-channel/-/side-channel-1.0.4.tgz#efce5c8fdc104ee751b25c58d4290011fa5ea2cf"
  integrity sha512-q5XPytqFEIKHkGdiMIrY10mvLRvnQh42/+GoBlFW3b2LXLE2xxJpZFdm94we0BaoV3RwJyGqg5wS7epxTv0Zvw==
  dependencies:
    call-bind "^1.0.0"
    get-intrinsic "^1.0.2"
    object-inspect "^1.9.0"

snake-case@^1.1.0:
  version "1.1.2"
  resolved "https://registry.yarnpkg.com/snake-case/-/snake-case-1.1.2.tgz#0c2f25e305158d9a18d3d977066187fef8a5a66a"
  integrity sha512-oapUKC+qulnUIN+/O7Tbl2msi9PQvJeivGN9RNbygxzI2EOY0gA96i8BJLYnGUWSLGcYtyW4YYqnGTZEySU/gg==
  dependencies:
    sentence-case "^1.1.2"

source-map-js@^1.0.2:
  version "1.0.2"
  resolved "https://registry.yarnpkg.com/source-map-js/-/source-map-js-1.0.2.tgz#adbc361d9c62df380125e7f161f71c826f1e490c"
  integrity sha512-R0XvVJ9WusLiqTCEiGCmICCMplcCkIwwR11mOSD9CR5u+IXYdiseeEuXCVAjS54zqwkLcPNnmU4OeJ6tUrWhDw==

source-map@^0.6.1:
  version "0.6.1"
  resolved "https://registry.yarnpkg.com/source-map/-/source-map-0.6.1.tgz#74722af32e9614e9c287a8d0bbde48b5e2f1a263"
  integrity sha512-UjgapumWlbMhkBgzT7Ykc5YXUT46F0iKu8SGXq0bcwP5dz/h0Plj6enJqjz1Zbq2l5WaqYnrVbwWOWMyF3F47g==

sourcemap-codec@^1.4.8:
  version "1.4.8"
  resolved "https://registry.yarnpkg.com/sourcemap-codec/-/sourcemap-codec-1.4.8.tgz#ea804bd94857402e6992d05a38ef1ae35a9ab4c4"
  integrity sha512-9NykojV5Uih4lgo5So5dtw+f0JgJX30KCNI8gwhz2J9A15wD0Ml6tjHKwf6fTSa6fAdVBdZeNOs9eJ71qCk8vA==

string_decoder@^1.1.1:
  version "1.3.0"
  resolved "https://registry.yarnpkg.com/string_decoder/-/string_decoder-1.3.0.tgz#42f114594a46cf1a8e30b0a84f56c78c3edac21e"
  integrity sha512-hkRX8U1WjJFd8LsDJ2yQ/wWWxaopEsABU1XfkM8A+j0+85JAGppt16cr1Whg6KIbb4okU6Mql6BOj+uup/wKeA==
  dependencies:
    safe-buffer "~5.2.0"

superagent@^5.1.1:
  version "5.3.1"
  resolved "https://registry.yarnpkg.com/superagent/-/superagent-5.3.1.tgz#d62f3234d76b8138c1320e90fa83dc1850ccabf1"
  integrity sha512-wjJ/MoTid2/RuGCOFtlacyGNxN9QLMgcpYLDQlWFIhhdJ93kNscFonGvrpAHSCVjRVj++DGCglocF7Aej1KHvQ==
  dependencies:
    component-emitter "^1.3.0"
    cookiejar "^2.1.2"
    debug "^4.1.1"
    fast-safe-stringify "^2.0.7"
    form-data "^3.0.0"
    formidable "^1.2.2"
    methods "^1.1.2"
    mime "^2.4.6"
    qs "^6.9.4"
    readable-stream "^3.6.0"
    semver "^7.3.2"

supports-preserve-symlinks-flag@^1.0.0:
  version "1.0.0"
  resolved "https://registry.yarnpkg.com/supports-preserve-symlinks-flag/-/supports-preserve-symlinks-flag-1.0.0.tgz#6eda4bd344a3c94aea376d4cc31bc77311039e09"
  integrity sha512-ot0WnXS9fgdkgIcePe6RHNk1WA8+muPa6cSjeR3V8K27q9BB1rTE3R1p7Hv0z1ZyAc8s6Vvv8DIyWf681MAt0w==

swap-case@^1.1.0:
  version "1.1.2"
  resolved "https://registry.yarnpkg.com/swap-case/-/swap-case-1.1.2.tgz#c39203a4587385fad3c850a0bd1bcafa081974e3"
  integrity sha512-BAmWG6/bx8syfc6qXPprof3Mn5vQgf5dwdUNJhsNqU9WdPt5P+ES/wQ5bxfijy8zwZgZZHslC3iAsxsuQMCzJQ==
  dependencies:
    lower-case "^1.1.1"
    upper-case "^1.1.1"

title-case@^1.1.0:
  version "1.1.2"
  resolved "https://registry.yarnpkg.com/title-case/-/title-case-1.1.2.tgz#fae4a6ae546bfa22d083a0eea910a40d12ed4f5a"
  integrity sha512-xYbo5Um5MBgn24xJSK+x5hZ8ehuGXTVhgx32KJCThHRHwpyIb1lmABi1DH5VvN9E7rNEquPjz//rF/tZQd7mjQ==
  dependencies:
    sentence-case "^1.1.1"
    upper-case "^1.0.3"

upper-case-first@^1.1.0:
  version "1.1.2"
  resolved "https://registry.yarnpkg.com/upper-case-first/-/upper-case-first-1.1.2.tgz#5d79bedcff14419518fd2edb0a0507c9b6859115"
  integrity sha512-wINKYvI3Db8dtjikdAqoBbZoP6Q+PZUyfMR7pmwHzjC2quzSkUq5DmPrTtPEqHaz8AGtmsB4TqwapMTM1QAQOQ==
  dependencies:
    upper-case "^1.1.1"

upper-case@^1.0.3, upper-case@^1.1.0, upper-case@^1.1.1:
  version "1.1.3"
  resolved "https://registry.yarnpkg.com/upper-case/-/upper-case-1.1.3.tgz#f6b4501c2ec4cdd26ba78be7222961de77621598"
  integrity sha512-WRbjgmYzgXkCV7zNVpy5YgrHgbBv126rMALQQMrmzOVC4GM2waQ9x7xtm8VU+1yF2kWyPzI9zbZ48n4vSxwfSA==

util-deprecate@^1.0.1:
  version "1.0.2"
  resolved "https://registry.yarnpkg.com/util-deprecate/-/util-deprecate-1.0.2.tgz#450d4dc9fa70de732762fbd2d4a28981419a0ccf"
  integrity sha512-EPD5q1uXyFxJpCrLnCc1nHnq3gOa6DZBocAIiI2TaSCA7VCJ1UJDMagCzIkXNsUYfD1daK//LTEQ8xiIbrHtcw==

vite@^4.0.0:
  version "4.0.3"
  resolved "https://registry.yarnpkg.com/vite/-/vite-4.0.3.tgz#de27ad3f263a03ae9419cdc8bc07721eadcba8b9"
  integrity sha512-HvuNv1RdE7deIfQb8mPk51UKjqptO/4RXZ5yXSAvurd5xOckwS/gg8h9Tky3uSbnjYTgUm0hVCet1cyhKd73ZA==
  dependencies:
    esbuild "^0.16.3"
    postcss "^8.4.20"
    resolve "^1.22.1"
    rollup "^3.7.0"
  optionalDependencies:
    fsevents "~2.3.2"

vue-router@^4.1.6:
  version "4.1.6"
  resolved "https://registry.yarnpkg.com/vue-router/-/vue-router-4.1.6.tgz#b70303737e12b4814578d21d68d21618469375a1"
  integrity sha512-DYWYwsG6xNPmLq/FmZn8Ip+qrhFEzA14EI12MsMgVxvHFDYvlr4NXpVF5hrRH1wVcDP8fGi5F4rxuJSl8/r+EQ==
  dependencies:
    "@vue/devtools-api" "^6.4.5"

vue@^3.2.45:
  version "3.2.45"
  resolved "https://registry.yarnpkg.com/vue/-/vue-3.2.45.tgz#94a116784447eb7dbd892167784619fef379b3c8"
  integrity sha512-9Nx/Mg2b2xWlXykmCwiTUCWHbWIj53bnkizBxKai1g61f2Xit700A1ljowpTIM11e3uipOeiPcSqnmBg6gyiaA==
  dependencies:
    "@vue/compiler-dom" "3.2.45"
    "@vue/compiler-sfc" "3.2.45"
    "@vue/runtime-dom" "3.2.45"
    "@vue/server-renderer" "3.2.45"
    "@vue/shared" "3.2.45"

yallist@^2.0.0:
  version "2.1.2"
  resolved "https://registry.yarnpkg.com/yallist/-/yallist-2.1.2.tgz#1c11f9218f076089a47dd512f93c6699a6a81d52"
  integrity sha512-ncTzHV7NvsQZkYe1DW7cbDLm0YpzHmZF5r/iyP3ZnQtMiJ+pjzisCiMNI+Sj+xQF5pXhSHxSB3uDbsBTzY/c2A==

yallist@^4.0.0:
  version "4.0.0"
  resolved "https://registry.yarnpkg.com/yallist/-/yallist-4.0.0.tgz#9bb92790d9c0effec63be73519e11a35019a3a72"
  integrity sha512-3wdGidZyq5PB084XLES5TpOSRA3wjXAlIWMhum2kRcv/41Sn2emQ0dycQW4uZXLejwKvg6EsvbdlVL+FYEct7A==
